
Microsoft Visual Studio Solution File, Format Version 12.00
# Visual Studio Version 16
VisualStudioVersion = 16.0.30114.105
MinimumVisualStudioVersion = 10.0.40219.1
Project("{FAE04EC0-301F-11D3-BF4B-00C04F79EFBC}") = "FurrBApi", "FurrBApi\FurrBApi.csproj", "{F337281C-DCEC-4743-86E7-077F7049869E}"
EndProject
Project("{FAE04EC0-301F-11D3-BF4B-00C04F79EFBC}") = "PokeDL", "PokeDL\PokeDL.csproj", "{C45B58F4-0E10-4755-A968-DF3378031B7B}"
EndProject
Project("{FAE04EC0-301F-11D3-BF4B-00C04F79EFBC}") = "PokeBL", "PokeBL\PokeBL.csproj", "{9AF1AC90-9531-43A4-AEEF-0F78E0D2FEAA}"
EndProject
Project("{FAE04EC0-301F-11D3-BF4B-00C04F79EFBC}") = "PokeModel", "PokeModel\PokeModel.csproj", "{1A234B0C-5D32-4BB1-8279-6FCF9DA7982F}"
EndProject
Project("{FAE04EC0-301F-11D3-BF4B-00C04F79EFBC}") = "UnitTest", "UnitTest\UnitTest.csproj", "{12926B0D-5D04-4A19-BB32-CF937FC8DAFE}"
EndProject
Global
	GlobalSection(SolutionConfigurationPlatforms) = preSolution
		Debug|Any CPU = Debug|Any CPU
		Release|Any CPU = Release|Any CPU
	EndGlobalSection
	GlobalSection(SolutionProperties) = preSolution
		HideSolutionNode = FALSE
	EndGlobalSection
	GlobalSection(ProjectConfigurationPlatforms) = postSolution
		{F337281C-DCEC-4743-86E7-077F7049869E}.Debug|Any CPU.ActiveCfg = Debug|Any CPU
		{F337281C-DCEC-4743-86E7-077F7049869E}.Debug|Any CPU.Build.0 = Debug|Any CPU
		{F337281C-DCEC-4743-86E7-077F7049869E}.Release|Any CPU.ActiveCfg = Release|Any CPU
		{F337281C-DCEC-4743-86E7-077F7049869E}.Release|Any CPU.Build.0 = Release|Any CPU
		{C45B58F4-0E10-4755-A968-DF3378031B7B}.Debug|Any CPU.ActiveCfg = Debug|Any CPU
		{C45B58F4-0E10-4755-A968-DF3378031B7B}.Debug|Any CPU.Build.0 = Debug|Any CPU
		{C45B58F4-0E10-4755-A968-DF3378031B7B}.Release|Any CPU.ActiveCfg = Release|Any CPU
		{C45B58F4-0E10-4755-A968-DF3378031B7B}.Release|Any CPU.Build.0 = Release|Any CPU
		{9AF1AC90-9531-43A4-AEEF-0F78E0D2FEAA}.Debug|Any CPU.ActiveCfg = Debug|Any CPU
		{9AF1AC90-9531-43A4-AEEF-0F78E0D2FEAA}.Debug|Any CPU.Build.0 = Debug|Any CPU
		{9AF1AC90-9531-43A4-AEEF-0F78E0D2FEAA}.Release|Any CPU.ActiveCfg = Release|Any CPU
		{9AF1AC90-9531-43A4-AEEF-0F78E0D2FEAA}.Release|Any CPU.Build.0 = Release|Any CPU
		{1A234B0C-5D32-4BB1-8279-6FCF9DA7982F}.Debug|Any CPU.ActiveCfg = Debug|Any CPU
		{1A234B0C-5D32-4BB1-8279-6FCF9DA7982F}.Debug|Any CPU.Build.0 = Debug|Any CPU
		{1A234B0C-5D32-4BB1-8279-6FCF9DA7982F}.Release|Any CPU.ActiveCfg = Release|Any CPU
		{1A234B0C-5D32-4BB1-8279-6FCF9DA7982F}.Release|Any CPU.Build.0 = Release|Any CPU
		{12926B0D-5D04-4A19-BB32-CF937FC8DAFE}.Debug|Any CPU.ActiveCfg = Debug|Any CPU
		{12926B0D-5D04-4A19-BB32-CF937FC8DAFE}.Debug|Any CPU.Build.0 = Debug|Any CPU
		{12926B0D-5D04-4A19-BB32-CF937FC8DAFE}.Release|Any CPU.ActiveCfg = Release|Any CPU
		{12926B0D-5D04-4A19-BB32-CF937FC8DAFE}.Release|Any CPU.Build.0 = Release|Any CPU
	EndGlobalSection
EndGlobal
